// !$*UTF8*$!
{
	archiveVersion = 1;
	classes = {
	};
	objectVersion = 46;
	objects = {

/* Begin PBXBuildFile section */
		4B56D0161B57A90C00C582B1 /* MemeTextFieldDelegate.swift in Sources */ = {isa = PBXBuildFile; fileRef = 4B56D0151B57A90C00C582B1 /* MemeTextFieldDelegate.swift */; };
		4B56D0181B57CA0D00C582B1 /* Meme.swift in Sources */ = {isa = PBXBuildFile; fileRef = 4B56D0171B57CA0D00C582B1 /* Meme.swift */; };
		4B56D01A1B5801C800C582B1 /* SentMemesViewController.swift in Sources */ = {isa = PBXBuildFile; fileRef = 4B56D0191B5801C800C582B1 /* SentMemesViewController.swift */; };
		4B56D01C1B5BA36A00C582B1 /* MemeDetailViewController.swift in Sources */ = {isa = PBXBuildFile; fileRef = 4B56D01B1B5BA36A00C582B1 /* MemeDetailViewController.swift */; };
		4B56D01E1B5BF26E00C582B1 /* MemeCollectionViewCell.swift in Sources */ = {isa = PBXBuildFile; fileRef = 4B56D01D1B5BF26E00C582B1 /* MemeCollectionViewCell.swift */; };
		4B56D0241B5EF47100C582B1 /* LaunchImage.png in Resources */ = {isa = PBXBuildFile; fileRef = 4B56D0231B5EF47100C582B1 /* LaunchImage.png */; };
		4B56D0261B5F927A00C582B1 /* MemeTableViewCell.swift in Sources */ = {isa = PBXBuildFile; fileRef = 4B56D0251B5F927A00C582B1 /* MemeTableViewCell.swift */; };
		4BBF1AD81B550CFA00777586 /* AppDelegate.swift in Sources */ = {isa = PBXBuildFile; fileRef = 4BBF1AD71B550CFA00777586 /* AppDelegate.swift */; };
		4BBF1ADA1B550CFA00777586 /* MemeEditorViewController.swift in Sources */ = {isa = PBXBuildFile; fileRef = 4BBF1AD91B550CFA00777586 /* MemeEditorViewController.swift */; };
		4BBF1ADD1B550CFA00777586 /* Main.storyboard in Resources */ = {isa = PBXBuildFile; fileRef = 4BBF1ADB1B550CFA00777586 /* Main.storyboard */; };
		4BBF1ADF1B550CFA00777586 /* Images.xcassets in Resources */ = {isa = PBXBuildFile; fileRef = 4BBF1ADE1B550CFA00777586 /* Images.xcassets */; };
		4BBF1AE21B550CFA00777586 /* LaunchScreen.xib in Resources */ = {isa = PBXBuildFile; fileRef = 4BBF1AE01B550CFA00777586 /* LaunchScreen.xib */; };
		4BBF1AEE1B550CFB00777586 /* MemeMeTests.swift in Sources */ = {isa = PBXBuildFile; fileRef = 4BBF1AED1B550CFB00777586 /* MemeMeTests.swift */; };
/* End PBXBuildFile section */

/* Begin PBXContainerItemProxy section */
		4BBF1AE81B550CFB00777586 /* PBXContainerItemProxy */ = {
			isa = PBXContainerItemProxy;
			containerPortal = 4BBF1ACA1B550CF900777586 /* Project object */;
			proxyType = 1;
			remoteGlobalIDString = 4BBF1AD11B550CF900777586;
			remoteInfo = MemeMe;
		};
/* End PBXContainerItemProxy section */

/* Begin PBXFileReference section */
		4B56D0151B57A90C00C582B1 /* MemeTextFieldDelegate.swift */ = {isa = PBXFileReference; fileEncoding = 4; lastKnownFileType = sourcecode.swift; path = MemeTextFieldDelegate.swift; sourceTree = "<group>"; };
		4B56D0171B57CA0D00C582B1 /* Meme.swift */ = {isa = PBXFileReference; fileEncoding = 4; lastKnownFileType = sourcecode.swift; path = Meme.swift; sourceTree = "<group>"; };
		4B56D0191B5801C800C582B1 /* SentMemesViewController.swift */ = {isa = PBXFileReference; fileEncoding = 4; lastKnownFileType = sourcecode.swift; path = SentMemesViewController.swift; sourceTree = "<group>"; };
		4B56D01B1B5BA36A00C582B1 /* MemeDetailViewController.swift */ = {isa = PBXFileReference; fileEncoding = 4; lastKnownFileType = sourcecode.swift; path = MemeDetailViewController.swift; sourceTree = "<group>"; };
		4B56D01D1B5BF26E00C582B1 /* MemeCollectionViewCell.swift */ = {isa = PBXFileReference; fileEncoding = 4; lastKnownFileType = sourcecode.swift; path = MemeCollectionViewCell.swift; sourceTree = "<group>"; };
		4B56D0231B5EF47100C582B1 /* LaunchImage.png */ = {isa = PBXFileReference; lastKnownFileType = image.png; name = LaunchImage.png; path = Images.xcassets/LaunchImage.launchimage/LaunchImage.png; sourceTree = "<group>"; };
		4B56D0251B5F927A00C582B1 /* MemeTableViewCell.swift */ = {isa = PBXFileReference; fileEncoding = 4; lastKnownFileType = sourcecode.swift; path = MemeTableViewCell.swift; sourceTree = "<group>"; };
		4BBF1AD21B550CFA00777586 /* MemeMe.app */ = {isa = PBXFileReference; explicitFileType = wrapper.application; includeInIndex = 0; path = MemeMe.app; sourceTree = BUILT_PRODUCTS_DIR; };
		4BBF1AD61B550CFA00777586 /* Info.plist */ = {isa = PBXFileReference; lastKnownFileType = text.plist.xml; path = Info.plist; sourceTree = "<group>"; };
		4BBF1AD71B550CFA00777586 /* AppDelegate.swift */ = {isa = PBXFileReference; lastKnownFileType = sourcecode.swift; path = AppDelegate.swift; sourceTree = "<group>"; };
		4BBF1AD91B550CFA00777586 /* MemeEditorViewController.swift */ = {isa = PBXFileReference; lastKnownFileType = sourcecode.swift; path = MemeEditorViewController.swift; sourceTree = "<group>"; };
		4BBF1ADC1B550CFA00777586 /* Base */ = {isa = PBXFileReference; lastKnownFileType = file.storyboard; name = Base; path = Base.lproj/Main.storyboard; sourceTree = "<group>"; };
		4BBF1ADE1B550CFA00777586 /* Images.xcassets */ = {isa = PBXFileReference; lastKnownFileType = folder.assetcatalog; path = Images.xcassets; sourceTree = "<group>"; };
		4BBF1AE11B550CFA00777586 /* Base */ = {isa = PBXFileReference; lastKnownFileType = file.xib; name = Base; path = Base.lproj/LaunchScreen.xib; sourceTree = "<group>"; };
		4BBF1AE71B550CFB00777586 /* MemeMeTests.xctest */ = {isa = PBXFileReference; explicitFileType = wrapper.cfbundle; includeInIndex = 0; path = MemeMeTests.xctest; sourceTree = BUILT_PRODUCTS_DIR; };
		4BBF1AEC1B550CFB00777586 /* Info.plist */ = {isa = PBXFileReference; lastKnownFileType = text.plist.xml; path = Info.plist; sourceTree = "<group>"; };
		4BBF1AED1B550CFB00777586 /* MemeMeTests.swift */ = {isa = PBXFileReference; lastKnownFileType = sourcecode.swift; path = MemeMeTests.swift; sourceTree = "<group>"; };
/* End PBXFileReference section */

/* Begin PBXFrameworksBuildPhase section */
		4BBF1ACF1B550CF900777586 /* Frameworks */ = {
			isa = PBXFrameworksBuildPhase;
			buildActionMask = 2147483647;
			files = (
			);
			runOnlyForDeploymentPostprocessing = 0;
		};
		4BBF1AE41B550CFB00777586 /* Frameworks */ = {
			isa = PBXFrameworksBuildPhase;
			buildActionMask = 2147483647;
			files = (
			);
			runOnlyForDeploymentPostprocessing = 0;
		};
/* End PBXFrameworksBuildPhase section */

/* Begin PBXGroup section */
		4B56D0141B57A8CE00C582B1 /* Delegates */ = {
			isa = PBXGroup;
			children = (
				4B56D0151B57A90C00C582B1 /* MemeTextFieldDelegate.swift */,
			);
			name = Delegates;
			sourceTree = "<group>";
		};
		4BBF1AC91B550CF900777586 = {
			isa = PBXGroup;
			children = (
				4BBF1AD41B550CFA00777586 /* MemeMe */,
				4BBF1AEA1B550CFB00777586 /* MemeMeTests */,
				4BBF1AD31B550CFA00777586 /* Products */,
			);
			sourceTree = "<group>";
		};
		4BBF1AD31B550CFA00777586 /* Products */ = {
			isa = PBXGroup;
			children = (
				4BBF1AD21B550CFA00777586 /* MemeMe.app */,
				4BBF1AE71B550CFB00777586 /* MemeMeTests.xctest */,
			);
			name = Products;
			sourceTree = "<group>";
		};
		4BBF1AD41B550CFA00777586 /* MemeMe */ = {
			isa = PBXGroup;
			children = (
				4B56D0141B57A8CE00C582B1 /* Delegates */,
				4BBF1AD71B550CFA00777586 /* AppDelegate.swift */,
				4BBF1AD91B550CFA00777586 /* MemeEditorViewController.swift */,
				4B56D0251B5F927A00C582B1 /* MemeTableViewCell.swift */,
				4BBF1ADB1B550CFA00777586 /* Main.storyboard */,
				4B56D01D1B5BF26E00C582B1 /* MemeCollectionViewCell.swift */,
				4BBF1ADE1B550CFA00777586 /* Images.xcassets */,
				4BBF1AE01B550CFA00777586 /* LaunchScreen.xib */,
				4BBF1AD51B550CFA00777586 /* Supporting Files */,
				4B56D0171B57CA0D00C582B1 /* Meme.swift */,
				4B56D0191B5801C800C582B1 /* SentMemesViewController.swift */,
				4B56D0231B5EF47100C582B1 /* LaunchImage.png */,
				4B56D01B1B5BA36A00C582B1 /* MemeDetailViewController.swift */,
			);
			path = MemeMe;
			sourceTree = "<group>";
		};
		4BBF1AD51B550CFA00777586 /* Supporting Files */ = {
			isa = PBXGroup;
			children = (
				4BBF1AD61B550CFA00777586 /* Info.plist */,
			);
			name = "Supporting Files";
			sourceTree = "<group>";
		};
		4BBF1AEA1B550CFB00777586 /* MemeMeTests */ = {
			isa = PBXGroup;
			children = (
				4BBF1AED1B550CFB00777586 /* MemeMeTests.swift */,
				4BBF1AEB1B550CFB00777586 /* Supporting Files */,
			);
			path = MemeMeTests;
			sourceTree = "<group>";
		};
		4BBF1AEB1B550CFB00777586 /* Supporting Files */ = {
			isa = PBXGroup;
			children = (
				4BBF1AEC1B550CFB00777586 /* Info.plist */,
			);
			name = "Supporting Files";
			sourceTree = "<group>";
		};
/* End PBXGroup section */

/* Begin PBXNativeTarget section */
		4BBF1AD11B550CF900777586 /* MemeMe */ = {
			isa = PBXNativeTarget;
			buildConfigurationList = 4BBF1AF11B550CFB00777586 /* Build configuration list for PBXNativeTarget "MemeMe" */;
			buildPhases = (
				4BBF1ACE1B550CF900777586 /* Sources */,
				4BBF1ACF1B550CF900777586 /* Frameworks */,
				4BBF1AD01B550CF900777586 /* Resources */,
			);
			buildRules = (
			);
			dependencies = (
			);
			name = MemeMe;
			productName = MemeMe;
			productReference = 4BBF1AD21B550CFA00777586 /* MemeMe.app */;
			productType = "com.apple.product-type.application";
		};
		4BBF1AE61B550CFB00777586 /* MemeMeTests */ = {
			isa = PBXNativeTarget;
			buildConfigurationList = 4BBF1AF41B550CFB00777586 /* Build configuration list for PBXNativeTarget "MemeMeTests" */;
			buildPhases = (
				4BBF1AE31B550CFB00777586 /* Sources */,
				4BBF1AE41B550CFB00777586 /* Frameworks */,
				4BBF1AE51B550CFB00777586 /* Resources */,
			);
			buildRules = (
			);
			dependencies = (
				4BBF1AE91B550CFB00777586 /* PBXTargetDependency */,
			);
			name = MemeMeTests;
			productName = MemeMeTests;
			productReference = 4BBF1AE71B550CFB00777586 /* MemeMeTests.xctest */;
			productType = "com.apple.product-type.bundle.unit-test";
		};
/* End PBXNativeTarget section */

/* Begin PBXProject section */
		4BBF1ACA1B550CF900777586 /* Project object */ = {
			isa = PBXProject;
			attributes = {
				LastUpgradeCheck = 0630;
				ORGANIZATIONNAME = "___LC___";
				TargetAttributes = {
					4BBF1AD11B550CF900777586 = {
						CreatedOnToolsVersion = 6.3.2;
					};
					4BBF1AE61B550CFB00777586 = {
						CreatedOnToolsVersion = 6.3.2;
						TestTargetID = 4BBF1AD11B550CF900777586;
					};
				};
			};
			buildConfigurationList = 4BBF1ACD1B550CF900777586 /* Build configuration list for PBXProject "MemeMe" */;
			compatibilityVersion = "Xcode 3.2";
			developmentRegion = English;
			hasScannedForEncodings = 0;
			knownRegions = (
				en,
				Base,
			);
			mainGroup = 4BBF1AC91B550CF900777586;
			productRefGroup = 4BBF1AD31B550CFA00777586 /* Products */;
			projectDirPath = "";
			projectRoot = "";
			targets = (
				4BBF1AD11B550CF900777586 /* MemeMe */,
				4BBF1AE61B550CFB00777586 /* MemeMeTests */,
			);
		};
/* End PBXProject section */

/* Begin PBXResourcesBuildPhase section */
		4BBF1AD01B550CF900777586 /* Resources */ = {
			isa = PBXResourcesBuildPhase;
			buildActionMask = 2147483647;
			files = (
				4BBF1ADD1B550CFA00777586 /* Main.storyboard in Resources */,
				4B56D0241B5EF47100C582B1 /* LaunchImage.png in Resources */,
				4BBF1AE21B550CFA00777586 /* LaunchScreen.xib in Resources */,
				4BBF1ADF1B550CFA00777586 /* Images.xcassets in Resources */,
			);
			runOnlyForDeploymentPostprocessing = 0;
		};
		4BBF1AE51B550CFB00777586 /* Resources */ = {
			isa = PBXResourcesBuildPhase;
			buildActionMask = 2147483647;
			files = (
			);
			runOnlyForDeploymentPostprocessing = 0;
		};
/* End PBXResourcesBuildPhase section */

/* Begin PBXSourcesBuildPhase section */
		4BBF1ACE1B550CF900777586 /* Sources */ = {
			isa = PBXSourcesBuildPhase;
			buildActionMask = 2147483647;
			files = (
				4BBF1ADA1B550CFA00777586 /* MemeEditorViewController.swift in Sources */,
				4B56D0261B5F927A00C582B1 /* MemeTableViewCell.swift in Sources */,
				4B56D0181B57CA0D00C582B1 /* Meme.swift in Sources */,
				4B56D01A1B5801C800C582B1 /* SentMemesViewController.swift in Sources */,
				4B56D01C1B5BA36A00C582B1 /* MemeDetailViewController.swift in Sources */,
				4B56D01E1B5BF26E00C582B1 /* MemeCollectionViewCell.swift in Sources */,
				4B56D0161B57A90C00C582B1 /* MemeTextFieldDelegate.swift in Sources */,
				4BBF1AD81B550CFA00777586 /* AppDelegate.swift in Sources */,
			);
			runOnlyForDeploymentPostprocessing = 0;
		};
		4BBF1AE31B550CFB00777586 /* Sources */ = {
			isa = PBXSourcesBuildPhase;
			buildActionMask = 2147483647;
			files = (
				4BBF1AEE1B550CFB00777586 /* MemeMeTests.swift in Sources */,
			);
			runOnlyForDeploymentPostprocessing = 0;
		};
/* End PBXSourcesBuildPhase section */

/* Begin PBXTargetDependency section */
		4BBF1AE91B550CFB00777586 /* PBXTargetDependency */ = {
			isa = PBXTargetDependency;
			target = 4BBF1AD11B550CF900777586 /* MemeMe */;
			targetProxy = 4BBF1AE81B550CFB00777586 /* PBXContainerItemProxy */;
		};
/* End PBXTargetDependency section */

/* Begin PBXVariantGroup section */
		4BBF1ADB1B550CFA00777586 /* Main.storyboard */ = {
			isa = PBXVariantGroup;
			children = (
				4BBF1ADC1B550CFA00777586 /* Base */,
			);
			name = Main.storyboard;
			sourceTree = "<group>";
		};
		4BBF1AE01B550CFA00777586 /* LaunchScreen.xib */ = {
			isa = PBXVariantGroup;
			children = (
				4BBF1AE11B550CFA00777586 /* Base */,
			);
			name = LaunchScreen.xib;
			sourceTree = "<group>";
		};
/* End PBXVariantGroup section */

/* Begin XCBuildConfiguration section */
		4BBF1AEF1B550CFB00777586 /* Debug */ = {
			isa = XCBuildConfiguration;
			buildSettings = {
				ALWAYS_SEARCH_USER_PATHS = NO;
				CLANG_CXX_LANGUAGE_STANDARD = "gnu++0x";
				CLANG_CXX_LIBRARY = "libc++";
				CLANG_ENABLE_MODULES = YES;
				CLANG_ENABLE_OBJC_ARC = YES;
				CLANG_WARN_BOOL_CONVERSION = YES;
				CLANG_WARN_CONSTANT_CONVERSION = YES;
				CLANG_WARN_DIRECT_OBJC_ISA_USAGE = YES_ERROR;
				CLANG_WARN_EMPTY_BODY = YES;
				CLANG_WARN_ENUM_CONVERSION = YES;
				CLANG_WARN_INT_CONVERSION = YES;
				CLANG_WARN_OBJC_ROOT_CLASS = YES_ERROR;
				CLANG_WARN_UNREACHABLE_CODE = YES;
				CLANG_WARN__DUPLICATE_METHOD_MATCH = YES;
				"CODE_SIGN_IDENTITY[sdk=iphoneos*]" = "iPhone Developer";
				COPY_PHASE_STRIP = NO;
				DEBUG_INFORMATION_FORMAT = "dwarf-with-dsym";
				ENABLE_STRICT_OBJC_MSGSEND = YES;
				GCC_C_LANGUAGE_STANDARD = gnu99;
				GCC_DYNAMIC_NO_PIC = NO;
				GCC_NO_COMMON_BLOCKS = YES;
				GCC_OPTIMIZATION_LEVEL = 0;
				GCC_PREPROCESSOR_DEFINITIONS = (
					"DEBUG=1",
					"$(inherited)",
				);
				GCC_SYMBOLS_PRIVATE_EXTERN = NO;
				GCC_WARN_64_TO_32_BIT_CONVERSION = YES;
				GCC_WARN_ABOUT_RETURN_TYPE = YES_ERROR;
				GCC_WARN_UNDECLARED_SELECTOR = YES;
				GCC_WARN_UNINITIALIZED_AUTOS = YES_AGGRESSIVE;
				GCC_WARN_UNUSED_FUNCTION = YES;
				GCC_WARN_UNUSED_VARIABLE = YES;
				IPHONEOS_DEPLOYMENT_TARGET = 8.3;
				MTL_ENABLE_DEBUG_INFO = YES;
				ONLY_ACTIVE_ARCH = YES;
				SDKROOT = iphoneos;
				SWIFT_OPTIMIZATION_LEVEL = "-Onone";
				TARGETED_DEVICE_FAMILY = "1,2";
			};
			name = Debug;
		};
		4BBF1AF01B550CFB00777586 /* Release */ = {
			isa = XCBuildConfiguration;
			buildSettings = {
				ALWAYS_SEARCH_USER_PATHS = NO;
				CLANG_CXX_LANGUAGE_STANDARD = "gnu++0x";
				CLANG_CXX_LIBRARY = "libc++";
				CLANG_ENABLE_MODULES = YES;
				CLANG_ENABLE_OBJC_ARC = YES;
				CLANG_WARN_BOOL_CONVERSION = YES;
				CLANG_WARN_CONSTANT_CONVERSION = YES;
				CLANG_WARN_DIRECT_OBJC_ISA_USAGE = YES_ERROR;
				CLANG_WARN_EMPTY_BODY = YES;
				CLANG_WARN_ENUM_CONVERSION = YES;
				CLANG_WARN_INT_CONVERSION = YES;
				CLANG_WARN_OBJC_ROOT_CLASS = YES_ERROR;
				CLANG_WARN_UNREACHABLE_CODE = YES;
				CLANG_WARN__DUPLICATE_METHOD_MATCH = YES;
				"CODE_SIGN_IDENTITY[sdk=iphoneos*]" = "iPhone Developer";
				COPY_PHASE_STRIP = NO;
				DEBUG_INFORMATION_FORMAT = "dwarf-with-dsym";
				ENABLE_NS_ASSERTIONS = NO;
				ENABLE_STRICT_OBJC_MSGSEND = YES;
				GCC_C_LANGUAGE_STANDARD = gnu99;
				GCC_NO_COMMON_BLOCKS = YES;
				GCC_WARN_64_TO_32_BIT_CONVERSION = YES;
				GCC_WARN_ABOUT_RETURN_TYPE = YES_ERROR;
				GCC_WARN_UNDECLARED_SELECTOR = YES;
				GCC_WARN_UNINITIALIZED_AUTOS = YES_AGGRESSIVE;
				GCC_WARN_UNUSED_FUNCTION = YES;
				GCC_WARN_UNUSED_VARIABLE = YES;
				IPHONEOS_DEPLOYMENT_TARGET = 8.3;
				MTL_ENABLE_DEBUG_INFO = NO;
				SDKROOT = iphoneos;
				TARGETED_DEVICE_FAMILY = "1,2";
				VALIDATE_PRODUCT = YES;
			};
			name = Release;
		};
		4BBF1AF21B550CFB00777586 /* Debug */ = {
			isa = XCBuildConfiguration;
			buildSettings = {
				ASSETCATALOG_COMPILER_APPICON_NAME = AppIcon;
				INFOPLIST_FILE = MemeMe/Info.plist;
				LD_RUNPATH_SEARCH_PATHS = "$(inherited) @executable_path/Frameworks";
				PRODUCT_NAME = "$(TARGET_NAME)";
				TARGETED_DEVICE_FAMILY = 1;
			};
			name = Debug;
		};
		4BBF1AF31B550CFB00777586 /* Release */ = {
			isa = XCBuildConfiguration;
			buildSettings = {
				ASSETCATALOG_COMPILER_APPICON_NAME = AppIcon;
				INFOPLIST_FILE = MemeMe/Info.plist;
				LD_RUNPATH_SEARCH_PATHS = "$(inherited) @executable_path/Frameworks";
				PRODUCT_NAME = "$(TARGET_NAME)";
				TARGETED_DEVICE_FAMILY = 1;
			};
			name = Release;
		};
		4BBF1AF51B550CFB00777586 /* Debug */ = {
			isa = XCBuildConfiguration;
			buildSettings = {
				BUNDLE_LOADER = "$(TEST_HOST)";
				FRAMEWORK_SEARCH_PATHS = (
					"$(SDKROOT)/Developer/Library/Frameworks",
					"$(inherited)",
				);
				GCC_PREPROCESSOR_DEFINITIONS = (
					"DEBUG=1",
					"$(inherited)",
				);
				INFOPLIST_FILE = MemeMeTests/Info.plist;
				LD_RUNPATH_SEARCH_PATHS = "$(inherited) @executable_path/Frameworks @loader_path/Frameworks";
				PRODUCT_NAME = "$(TARGET_NAME)";
				TEST_HOST = "$(BUILT_PRODUCTS_DIR)/MemeMe.app/MemeMe";
			};
			name = Debug;
		};
		4BBF1AF61B550CFB00777586 /* Release */ = {
			isa = XCBuildConfiguration;
			buildSettings = {
				BUNDLE_LOADER = "$(TEST_HOST)";
				FRAMEWORK_SEARCH_PATHS = (
					"$(SDKROOT)/Developer/Library/Frameworks",
					"$(inherited)",
				);
				INFOPLIST_FILE = MemeMeTests/Info.plist;
				LD_RUNPATH_SEARCH_PATHS = "$(inherited) @executable_path/Frameworks @loader_path/Frameworks";
				PRODUCT_NAME = "$(TARGET_NAME)";
				TEST_HOST = "$(BUILT_PRODUCTS_DIR)/MemeMe.app/MemeMe";
			};
			name = Release;
		};
/* End XCBuildConfiguration section */

/* Begin XCConfigurationList section */
		4BBF1ACD1B550CF900777586 /* Build configuration list for PBXProject "MemeMe" */ = {
			isa = XCConfigurationList;
			buildConfigurations = (
				4BBF1AEF1B550CFB00777586 /* Debug */,
				4BBF1AF01B550CFB00777586 /* Release */,
			);
			defaultConfigurationIsVisible = 0;
			defaultConfigurationName = Release;
		};
		4BBF1AF11B550CFB00777586 /* Build configuration list for PBXNativeTarget "MemeMe" */ = {
			isa = XCConfigurationList;
			buildConfigurations = (
				4BBF1AF21B550CFB00777586 /* Debug */,
				4BBF1AF31B550CFB00777586 /* Release */,
			);
			defaultConfigurationIsVisible = 0;
			defaultConfigurationName = Release;
		};
		4BBF1AF41B550CFB00777586 /* Build configuration list for PBXNativeTarget "MemeMeTests" */ = {
			isa = XCConfigurationList;
			buildConfigurations = (
				4BBF1AF51B550CFB00777586 /* Debug */,
				4BBF1AF61B550CFB00777586 /* Release */,
			);
			defaultConfigurationIsVisible = 0;
			defaultConfigurationName = Release;
		};
/* End XCConfigurationList section */
	};
	rootObject = 4BBF1ACA1B550CF900777586 /* Project object */;
}
